// !$*UTF8*$!
{
	archiveVersion = 1;
	classes = {
	};
	objectVersion = 46;
	objects = {

/* Begin PBXBuildFile section */
		C2CDD3271D50AF9800FBD303 /* main.m in Sources */ = {isa = PBXBuildFile; fileRef = C2CDD3261D50AF9800FBD303 /* main.m */; };
		C2CDD32A1D50AF9800FBD303 /* AppDelegate.m in Sources */ = {isa = PBXBuildFile; fileRef = C2CDD3291D50AF9800FBD303 /* AppDelegate.m */; };
		C2CDD32D1D50AF9800FBD303 /* ViewController.m in Sources */ = {isa = PBXBuildFile; fileRef = C2CDD32C1D50AF9800FBD303 /* ViewController.m */; };
		C2CDD3301D50AF9800FBD303 /* Main.storyboard in Resources */ = {isa = PBXBuildFile; fileRef = C2CDD32E1D50AF9800FBD303 /* Main.storyboard */; };
		C2CDD3321D50AF9800FBD303 /* Assets.xcassets in Resources */ = {isa = PBXBuildFile; fileRef = C2CDD3311D50AF9800FBD303 /* Assets.xcassets */; };
		C2CDD3351D50AF9800FBD303 /* LaunchScreen.storyboard in Resources */ = {isa = PBXBuildFile; fileRef = C2CDD3331D50AF9800FBD303 /* LaunchScreen.storyboard */; };
/* End PBXBuildFile section */

/* Begin PBXFileReference section */
		C2CDD3221D50AF9800FBD303 /* Test_文件管理器.app */ = {isa = PBXFileReference; explicitFileType = wrapper.application; includeInIndex = 0; path = "Test_文件管理器.app"; sourceTree = BUILT_PRODUCTS_DIR; };
		C2CDD3261D50AF9800FBD303 /* main.m */ = {isa = PBXFileReference; lastKnownFileType = sourcecode.c.objc; path = main.m; sourceTree = "<group>"; };
		C2CDD3281D50AF9800FBD303 /* AppDelegate.h */ = {isa = PBXFileReference; lastKnownFileType = sourcecode.c.h; path = AppDelegate.h; sourceTree = "<group>"; };
		C2CDD3291D50AF9800FBD303 /* AppDelegate.m */ = {isa = PBXFileReference; lastKnownFileType = sourcecode.c.objc; path = AppDelegate.m; sourceTree = "<group>"; };
		C2CDD32B1D50AF9800FBD303 /* ViewController.h */ = {isa = PBXFileReference; lastKnownFileType = sourcecode.c.h; path = ViewController.h; sourceTree = "<group>"; };
		C2CDD32C1D50AF9800FBD303 /* ViewController.m */ = {isa = PBXFileReference; lastKnownFileType = sourcecode.c.objc; path = ViewController.m; sourceTree = "<group>"; };
		C2CDD32F1D50AF9800FBD303 /* Base */ = {isa = PBXFileReference; lastKnownFileType = file.storyboard; name = Base; path = Base.lproj/Main.storyboard; sourceTree = "<group>"; };
		C2CDD3311D50AF9800FBD303 /* Assets.xcassets */ = {isa = PBXFileReference; lastKnownFileType = folder.assetcatalog; path = Assets.xcassets; sourceTree = "<group>"; };
		C2CDD3341D50AF9800FBD303 /* Base */ = {isa = PBXFileReference; lastKnownFileType = file.storyboard; name = Base; path = Base.lproj/LaunchScreen.storyboard; sourceTree = "<group>"; };
		C2CDD3361D50AF9800FBD303 /* Info.plist */ = {isa = PBXFileReference; lastKnownFileType = text.plist.xml; path = Info.plist; sourceTree = "<group>"; };
/* End PBXFileReference section */

/* Begin PBXFrameworksBuildPhase section */
		C2CDD31F1D50AF9800FBD303 /* Frameworks */ = {
			isa = PBXFrameworksBuildPhase;
			buildActionMask = 2147483647;
			files = (
			);
			runOnlyForDeploymentPostprocessing = 0;
		};
/* End PBXFrameworksBuildPhase section */

/* Begin PBXGroup section */
		C2CDD3191D50AF9800FBD303 = {
			isa = PBXGroup;
			children = (
				C2CDD3241D50AF9800FBD303 /* Test_文件管理器 */,
				C2CDD3231D50AF9800FBD303 /* Products */,
			);
			sourceTree = "<group>";
		};
		C2CDD3231D50AF9800FBD303 /* Products */ = {
			isa = PBXGroup;
			children = (
				C2CDD3221D50AF9800FBD303 /* Test_文件管理器.app */,
			);
			name = Products;
			sourceTree = "<group>";
		};
		C2CDD3241D50AF9800FBD303 /* Test_文件管理器 */ = {
			isa = PBXGroup;
			children = (
				C2CDD3281D50AF9800FBD303 /* AppDelegate.h */,
				C2CDD3291D50AF9800FBD303 /* AppDelegate.m */,
				C2CDD32B1D50AF9800FBD303 /* ViewController.h */,
				C2CDD32C1D50AF9800FBD303 /* ViewController.m */,
				C2CDD32E1D50AF9800FBD303 /* Main.storyboard */,
				C2CDD3311D50AF9800FBD303 /* Assets.xcassets */,
				C2CDD3331D50AF9800FBD303 /* LaunchScreen.storyboard */,
				C2CDD3361D50AF9800FBD303 /* Info.plist */,
				C2CDD3251D50AF9800FBD303 /* Supporting Files */,
			);
			path = "Test_文件管理器";
			sourceTree = "<group>";
		};
		C2CDD3251D50AF9800FBD303 /* Supporting Files */ = {
			isa = PBXGroup;
			children = (
				C2CDD3261D50AF9800FBD303 /* main.m */,
			);
			name = "Supporting Files";
			sourceTree = "<group>";
		};
/* End PBXGroup section */

/* Begin PBXNativeTarget section */
		C2CDD3211D50AF9800FBD303 /* Test_文件管理器 */ = {
			isa = PBXNativeTarget;
			buildConfigurationList = C2CDD3391D50AF9800FBD303 /* Build configuration list for PBXNativeTarget "Test_文件管理器" */;
			buildPhases = (
				C2CDD31E1D50AF9800FBD303 /* Sources */,
				C2CDD31F1D50AF9800FBD303 /* Frameworks */,
				C2CDD3201D50AF9800FBD303 /* Resources */,
			);
			buildRules = (
			);
			dependencies = (
			);
			name = "Test_文件管理器";
			productName = "Test_文件管理器";
			productReference = C2CDD3221D50AF9800FBD303 /* Test_文件管理器.app */;
			productType = "com.apple.product-type.application";
		};
/* End PBXNativeTarget section */

/* Begin PBXProject section */
		C2CDD31A1D50AF9800FBD303 /* Project object */ = {
			isa = PBXProject;
			attributes = {
				LastUpgradeCheck = 0720;
				ORGANIZATIONNAME = orange;
				TargetAttributes = {
					C2CDD3211D50AF9800FBD303 = {
						CreatedOnToolsVersion = 7.2;
						DevelopmentTeam = A6KB4HJC23;
					};
				};
			};
			buildConfigurationList = C2CDD31D1D50AF9800FBD303 /* Build configuration list for PBXProject "Test_文件管理器" */;
			compatibilityVersion = "Xcode 3.2";
			developmentRegion = English;
			hasScannedForEncodings = 0;
			knownRegions = (
				en,
				Base,
			);
			mainGroup = C2CDD3191D50AF9800FBD303;
			productRefGroup = C2CDD3231D50AF9800FBD303 /* Products */;
			projectDirPath = "";
			projectRoot = "";
			targets = (
				C2CDD3211D50AF9800FBD303 /* Test_文件管理器 */,
			);
		};
/* End PBXProject section */

/* Begin PBXResourcesBuildPhase section */
		C2CDD3201D50AF9800FBD303 /* Resources */ = {
			isa = PBXResourcesBuildPhase;
			buildActionMask = 2147483647;
			files = (
				C2CDD3351D50AF9800FBD303 /* LaunchScreen.storyboard in Resources */,
				C2CDD3321D50AF9800FBD303 /* Assets.xcassets in Resources */,
				C2CDD3301D50AF9800FBD303 /* Main.storyboard in Resources */,
			);
			runOnlyForDeploymentPostprocessing = 0;
		};
/* End PBXResourcesBuildPhase section */

/* Begin PBXSourcesBuildPhase section */
		C2CDD31E1D50AF9800FBD303 /* Sources */ = {
			isa = PBXSourcesBuildPhase;
			buildActionMask = 2147483647;
			files = (
				C2CDD32D1D50AF9800FBD303 /* ViewController.m in Sources */,
				C2CDD32A1D50AF9800FBD303 /* AppDelegate.m in Sources */,
				C2CDD3271D50AF9800FBD303 /* main.m in Sources */,
			);
			runOnlyForDeploymentPostprocessing = 0;
		};
/* End PBXSourcesBuildPhase section */

/* Begin PBXVariantGroup section */
		C2CDD32E1D50AF9800FBD303 /* Main.storyboard */ = {
			isa = PBXVariantGroup;
			children = (
				C2CDD32F1D50AF9800FBD303 /* Base */,
			);
			name = Main.storyboard;
			sourceTree = "<group>";
		};
		C2CDD3331D50AF9800FBD303 /* LaunchScreen.storyboard */ = {
			isa = PBXVariantGroup;
			children = (
				C2CDD3341D50AF9800FBD303 /* Base */,
			);
			name = LaunchScreen.storyboard;
			sourceTree = "<group>";
		};
/* End PBXVariantGroup section */

/* Begin XCBuildConfiguration section */
		C2CDD3371D50AF9800FBD303 /* Debug */ = {
			isa = XCBuildConfiguration;
			buildSettings = {
				ALWAYS_SEARCH_USER_PATHS = NO;
				CLANG_CXX_LANGUAGE_STANDARD = "gnu++0x";
				CLANG_CXX_LIBRARY = "libc++";
				CLANG_ENABLE_MODULES = YES;
				CLANG_ENABLE_OBJC_ARC = YES;
				CLANG_WARN_BOOL_CONVERSION = YES;
				CLANG_WARN_CONSTANT_CONVERSION = YES;
				CLANG_WARN_DIRECT_OBJC_ISA_USAGE = YES_ERROR;
				CLANG_WARN_EMPTY_BODY = YES;
				CLANG_WARN_ENUM_CONVERSION = YES;
				CLANG_WARN_INT_CONVERSION = YES;
				CLANG_WARN_OBJC_ROOT_CLASS = YES_ERROR;
				CLANG_WARN_UNREACHABLE_CODE = YES;
				CLANG_WARN__DUPLICATE_METHOD_MATCH = YES;
				"CODE_SIGN_IDENTITY[sdk=iphoneos*]" = "iPhone Developer";
				COPY_PHASE_STRIP = NO;
				DEBUG_INFORMATION_FORMAT = dwarf;
				ENABLE_STRICT_OBJC_MSGSEND = YES;
				ENABLE_TESTABILITY = YES;
				GCC_C_LANGUAGE_STANDARD = gnu99;
				GCC_DYNAMIC_NO_PIC = NO;
				GCC_NO_COMMON_BLOCKS = YES;
				GCC_OPTIMIZATION_LEVEL = 0;
				GCC_PREPROCESSOR_DEFINITIONS = (
					"DEBUG=1",
					"$(inherited)",
				);
				GCC_WARN_64_TO_32_BIT_CONVERSION = YES;
				GCC_WARN_ABOUT_RETURN_TYPE = YES_ERROR;
				GCC_WARN_UNDECLARED_SELECTOR = YES;
				GCC_WARN_UNINITIALIZED_AUTOS = YES_AGGRESSIVE;
				GCC_WARN_UNUSED_FUNCTION = YES;
				GCC_WARN_UNUSED_VARIABLE = YES;
				IPHONEOS_DEPLOYMENT_TARGET = 9.2;
				MTL_ENABLE_DEBUG_INFO = YES;
				ONLY_ACTIVE_ARCH = YES;
				SDKROOT = iphoneos;
				TARGETED_DEVICE_FAMILY = "1,2";
			};
			name = Debug;
		};
		C2CDD3381D50AF9800FBD303 /* Release */ = {
			isa = XCBuildConfiguration;
			buildSettings = {
				ALWAYS_SEARCH_USER_PATHS = NO;
				CLANG_CXX_LANGUAGE_STANDARD = "gnu++0x";
				CLANG_CXX_LIBRARY = "libc++";
				CLANG_ENABLE_MODULES = YES;
				CLANG_ENABLE_OBJC_ARC = YES;
				CLANG_WARN_BOOL_CONVERSION = YES;
				CLANG_WARN_CONSTANT_CONVERSION = YES;
				CLANG_WARN_DIRECT_OBJC_ISA_USAGE = YES_ERROR;
				CLANG_WARN_EMPTY_BODY = YES;
				CLANG_WARN_ENUM_CONVERSION = YES;
				CLANG_WARN_INT_CONVERSION = YES;
				CLANG_WARN_OBJC_ROOT_CLASS = YES_ERROR;
				CLANG_WARN_UNREACHABLE_CODE = YES;
				CLANG_WARN__DUPLICATE_METHOD_MATCH = YES;
				"CODE_SIGN_IDENTITY[sdk=iphoneos*]" = "iPhone Developer";
				COPY_PHASE_STRIP = NO;
				DEBUG_INFORMATION_FORMAT = "dwarf-with-dsym";
				ENABLE_NS_ASSERTIONS = NO;
				ENABLE_STRICT_OBJC_MSGSEND = YES;
				GCC_C_LANGUAGE_STANDARD = gnu99;
				GCC_NO_COMMON_BLOCKS = YES;
				GCC_WARN_64_TO_32_BIT_CONVERSION = YES;
				GCC_WARN_ABOUT_RETURN_TYPE = YES_ERROR;
				GCC_WARN_UNDECLARED_SELECTOR = YES;
				GCC_WARN_UNINITIALIZED_AUTOS = YES_AGGRESSIVE;
				GCC_WARN_UNUSED_FUNCTION = YES;
				GCC_WARN_UNUSED_VARIABLE = YES;
				IPHONEOS_DEPLOYMENT_TARGET = 9.2;
				MTL_ENABLE_DEBUG_INFO = NO;
				SDKROOT = iphoneos;
				TARGETED_DEVICE_FAMILY = "1,2";
				VALIDATE_PRODUCT = YES;
			};
			name = Release;
		};
		C2CDD33A1D50AF9800FBD303 /* Debug */ = {
			isa = XCBuildConfiguration;
			buildSettings = {
				ASSETCATALOG_COMPILER_APPICON_NAME = AppIcon;
				INFOPLIST_FILE = "Test_文件管理器/Info.plist";
				LD_RUNPATH_SEARCH_PATHS = "$(inherited) @executable_path/Frameworks";
				PRODUCT_BUNDLE_IDENTIFIER = "com.orange.project.Test------";
				PRODUCT_NAME = "$(TARGET_NAME)";
			};
			name = Debug;
		};
		C2CDD33B1D50AF9800FBD303 /* Release */ = {
			isa = XCBuildConfiguration;
			buildSettings = {
				ASSETCATALOG_COMPILER_APPICON_NAME = AppIcon;
				INFOPLIST_FILE = "Test_文件管理器/Info.plist";
				LD_RUNPATH_SEARCH_PATHS = "$(inherited) @executable_path/Frameworks";
				PRODUCT_BUNDLE_IDENTIFIER = "com.orange.project.Test------";
				PRODUCT_NAME = "$(TARGET_NAME)";
			};
			name = Release;
		};
/* End XCBuildConfiguration section */

/* Begin XCConfigurationList section */
		C2CDD31D1D50AF9800FBD303 /* Build configuration list for PBXProject "Test_文件管理器" */ = {
			isa = XCConfigurationList;
			buildConfigurations = (
				C2CDD3371D50AF9800FBD303 /* Debug */,
				C2CDD3381D50AF9800FBD303 /* Release */,
			);
			defaultConfigurationIsVisible = 0;
			defaultConfigurationName = Release;
		};
		C2CDD3391D50AF9800FBD303 /* Build configuration list for PBXNativeTarget "Test_文件管理器" */ = {
			isa = XCConfigurationList;
			buildConfigurations = (
				C2CDD33A1D50AF9800FBD303 /* Debug */,
				C2CDD33B1D50AF9800FBD303 /* Release */,
			);
			defaultConfigurationIsVisible = 0;
		};
/* End XCConfigurationList section */
	};
	rootObject = C2CDD31A1D50AF9800FBD303 /* Project object */;
}
